
Microsoft Visual Studio Solution File, Format Version 12.00
Project("{FAE04EC0-301F-11D3-BF4B-00C04F79EFBC}") = "CloudWorld.Kubernetes", "CloudWorld.Kubernetes\CloudWorld.Kubernetes.csproj", "{8FB632A7-E2CA-427E-88A4-613357428EA0}"
EndProject
Project("{FAE04EC0-301F-11D3-BF4B-00C04F79EFBC}") = "CloudWorld.ServiceBus.Producer", "CloudWorld.ServiceBus.Producer\CloudWorld.ServiceBus.Producer.csproj", "{AC068E80-9497-4100-BC5C-AB56204EA179}"
EndProject
Project("{FAE04EC0-301F-11D3-BF4B-00C04F79EFBC}") = "CloudWorld.ServiceBus.Consumer", "CloudWorld.ServiceBus.Consumer\CloudWorld.ServiceBus.Consumer.csproj", "{23EEEF48-419E-468E-A82B-F647894AFA18}"
EndProject
Project("{FAE04EC0-301F-11D3-BF4B-00C04F79EFBC}") = "CloudWorld_Functions", "CloudWorld.Functions\CloudWorld_Functions.csproj", "{88D56EEB-F0D6-4254-8D1A-08A2AF85905B}"
EndProject
Global
	GlobalSection(SolutionConfigurationPlatforms) = preSolution
		Debug|Any CPU = Debug|Any CPU
		Release|Any CPU = Release|Any CPU
	EndGlobalSection
	GlobalSection(ProjectConfigurationPlatforms) = postSolution
		{8FB632A7-E2CA-427E-88A4-613357428EA0}.Debug|Any CPU.ActiveCfg = Debug|Any CPU
		{8FB632A7-E2CA-427E-88A4-613357428EA0}.Debug|Any CPU.Build.0 = Debug|Any CPU
		{8FB632A7-E2CA-427E-88A4-613357428EA0}.Release|Any CPU.ActiveCfg = Release|Any CPU
		{8FB632A7-E2CA-427E-88A4-613357428EA0}.Release|Any CPU.Build.0 = Release|Any CPU
		{AC068E80-9497-4100-BC5C-AB56204EA179}.Debug|Any CPU.ActiveCfg = Debug|Any CPU
		{AC068E80-9497-4100-BC5C-AB56204EA179}.Debug|Any CPU.Build.0 = Debug|Any CPU
		{AC068E80-9497-4100-BC5C-AB56204EA179}.Release|Any CPU.ActiveCfg = Release|Any CPU
		{AC068E80-9497-4100-BC5C-AB56204EA179}.Release|Any CPU.Build.0 = Release|Any CPU
		{23EEEF48-419E-468E-A82B-F647894AFA18}.Debug|Any CPU.ActiveCfg = Debug|Any CPU
		{23EEEF48-419E-468E-A82B-F647894AFA18}.Debug|Any CPU.Build.0 = Debug|Any CPU
		{23EEEF48-419E-468E-A82B-F647894AFA18}.Release|Any CPU.ActiveCfg = Release|Any CPU
		{23EEEF48-419E-468E-A82B-F647894AFA18}.Release|Any CPU.Build.0 = Release|Any CPU
		{88D56EEB-F0D6-4254-8D1A-08A2AF85905B}.Debug|Any CPU.ActiveCfg = Debug|Any CPU
		{88D56EEB-F0D6-4254-8D1A-08A2AF85905B}.Debug|Any CPU.Build.0 = Debug|Any CPU
		{88D56EEB-F0D6-4254-8D1A-08A2AF85905B}.Release|Any CPU.ActiveCfg = Release|Any CPU
		{88D56EEB-F0D6-4254-8D1A-08A2AF85905B}.Release|Any CPU.Build.0 = Release|Any CPU
	EndGlobalSection
EndGlobal
