
Microsoft Visual Studio Solution File, Format Version 12.00
Project("{FAE04EC0-301F-11D3-BF4B-00C04F79EFBC}") = "CloudWorld.Containers.Web", "CloudWorld.Containers.Web\CloudWorld.Containers.Web.csproj", "{C1D22DBF-671A-436D-8BA5-77215E451917}"
EndProject
Project("{FAE04EC0-301F-11D3-BF4B-00C04F79EFBC}") = "CloudWorld.Containers.EventHubs.Consumer", "CloudWorld.Containers.EventHubs.Consumer\CloudWorld.Containers.EventHubs.Consumer.csproj", "{DE051709-4685-4FCF-A65F-E12DBA435719}"
EndProject
Project("{FAE04EC0-301F-11D3-BF4B-00C04F79EFBC}") = "CloudWorld.Containers.EventHubs.Producer", "CloudWorld.Containers.EventHubs.Producer\CloudWorld.Containers.EventHubs.Producer.csproj", "{E99D8773-C2DD-4DEC-B79D-2B2EB09D24C2}"
EndProject
Project("{FAE04EC0-301F-11D3-BF4B-00C04F79EFBC}") = "CloudWorld.Containers.Dapr.Consumer", "CloudWorld.Containers.Dapr.Consumer\CloudWorld.Containers.Dapr.Consumer.csproj", "{C162B67D-F71D-4A15-BBEA-32845BDE10B1}"
EndProject
Project("{FAE04EC0-301F-11D3-BF4B-00C04F79EFBC}") = "CloudWorld.Containers.Dapr.Producer", "CloudWorld.Containers.Dapr.Producer\CloudWorld.Containers.Dapr.Producer.csproj", "{62AF24F4-F2E6-4BC4-8139-0A6C7F15E9E4}"
EndProject
Global
	GlobalSection(SolutionConfigurationPlatforms) = preSolution
		Debug|Any CPU = Debug|Any CPU
		Release|Any CPU = Release|Any CPU
	EndGlobalSection
	GlobalSection(ProjectConfigurationPlatforms) = postSolution
		{C1D22DBF-671A-436D-8BA5-77215E451917}.Debug|Any CPU.ActiveCfg = Debug|Any CPU
		{C1D22DBF-671A-436D-8BA5-77215E451917}.Debug|Any CPU.Build.0 = Debug|Any CPU
		{C1D22DBF-671A-436D-8BA5-77215E451917}.Release|Any CPU.ActiveCfg = Release|Any CPU
		{C1D22DBF-671A-436D-8BA5-77215E451917}.Release|Any CPU.Build.0 = Release|Any CPU
		{DE051709-4685-4FCF-A65F-E12DBA435719}.Debug|Any CPU.ActiveCfg = Debug|Any CPU
		{DE051709-4685-4FCF-A65F-E12DBA435719}.Debug|Any CPU.Build.0 = Debug|Any CPU
		{DE051709-4685-4FCF-A65F-E12DBA435719}.Release|Any CPU.ActiveCfg = Release|Any CPU
		{DE051709-4685-4FCF-A65F-E12DBA435719}.Release|Any CPU.Build.0 = Release|Any CPU
		{E99D8773-C2DD-4DEC-B79D-2B2EB09D24C2}.Debug|Any CPU.ActiveCfg = Debug|Any CPU
		{E99D8773-C2DD-4DEC-B79D-2B2EB09D24C2}.Debug|Any CPU.Build.0 = Debug|Any CPU
		{E99D8773-C2DD-4DEC-B79D-2B2EB09D24C2}.Release|Any CPU.ActiveCfg = Release|Any CPU
		{E99D8773-C2DD-4DEC-B79D-2B2EB09D24C2}.Release|Any CPU.Build.0 = Release|Any CPU
		{C162B67D-F71D-4A15-BBEA-32845BDE10B1}.Debug|Any CPU.ActiveCfg = Debug|Any CPU
		{C162B67D-F71D-4A15-BBEA-32845BDE10B1}.Debug|Any CPU.Build.0 = Debug|Any CPU
		{C162B67D-F71D-4A15-BBEA-32845BDE10B1}.Release|Any CPU.ActiveCfg = Release|Any CPU
		{C162B67D-F71D-4A15-BBEA-32845BDE10B1}.Release|Any CPU.Build.0 = Release|Any CPU
		{62AF24F4-F2E6-4BC4-8139-0A6C7F15E9E4}.Debug|Any CPU.ActiveCfg = Debug|Any CPU
		{62AF24F4-F2E6-4BC4-8139-0A6C7F15E9E4}.Debug|Any CPU.Build.0 = Debug|Any CPU
		{62AF24F4-F2E6-4BC4-8139-0A6C7F15E9E4}.Release|Any CPU.ActiveCfg = Release|Any CPU
		{62AF24F4-F2E6-4BC4-8139-0A6C7F15E9E4}.Release|Any CPU.Build.0 = Release|Any CPU
	EndGlobalSection
EndGlobal
